// !$*UTF8*$!
{
	archiveVersion = 1;
	classes = {
	};
	objectVersion = 56;
	objects = {

/* Begin PBXBuildFile section */
		EE96706A29A533F900312AB9 /* Realm in Frameworks */ = {isa = PBXBuildFile; productRef = EE96706929A533F900312AB9 /* Realm */; };
		EE96706C29A533F900312AB9 /* RealmSwift in Frameworks */ = {isa = PBXBuildFile; productRef = EE96706B29A533F900312AB9 /* RealmSwift */; };
		EE96706F29A5348700312AB9 /* RealmManager.swift in Sources */ = {isa = PBXBuildFile; fileRef = EE96706E29A5348700312AB9 /* RealmManager.swift */; };
		EE96707129A5365200312AB9 /* Task.swift in Sources */ = {isa = PBXBuildFile; fileRef = EE96707029A5365200312AB9 /* Task.swift */; };
		EE9F6C2129A51DF70013AEDC /* Simple_To_DoApp.swift in Sources */ = {isa = PBXBuildFile; fileRef = EE9F6C2029A51DF70013AEDC /* Simple_To_DoApp.swift */; };
		EE9F6C2329A51DF70013AEDC /* ContentView.swift in Sources */ = {isa = PBXBuildFile; fileRef = EE9F6C2229A51DF70013AEDC /* ContentView.swift */; };
		EE9F6C2529A51DF80013AEDC /* Assets.xcassets in Resources */ = {isa = PBXBuildFile; fileRef = EE9F6C2429A51DF80013AEDC /* Assets.xcassets */; };
		EE9F6C2829A51DF80013AEDC /* Preview Assets.xcassets in Resources */ = {isa = PBXBuildFile; fileRef = EE9F6C2729A51DF80013AEDC /* Preview Assets.xcassets */; };
		EE9F6C2F29A51E690013AEDC /* TaskView.swift in Sources */ = {isa = PBXBuildFile; fileRef = EE9F6C2E29A51E680013AEDC /* TaskView.swift */; };
		EE9F6C3329A51F480013AEDC /* TaskRow.swift in Sources */ = {isa = PBXBuildFile; fileRef = EE9F6C3229A51F480013AEDC /* TaskRow.swift */; };
		EE9F6C3629A520220013AEDC /* AddTaskView.swift in Sources */ = {isa = PBXBuildFile; fileRef = EE9F6C3529A520220013AEDC /* AddTaskView.swift */; };
		EE9F6C3829A529420013AEDC /* SmallAddButton.swift in Sources */ = {isa = PBXBuildFile; fileRef = EE9F6C3729A529420013AEDC /* SmallAddButton.swift */; };
/* End PBXBuildFile section */

/* Begin PBXFileReference section */
		EE96706E29A5348700312AB9 /* RealmManager.swift */ = {isa = PBXFileReference; lastKnownFileType = sourcecode.swift; path = RealmManager.swift; sourceTree = "<group>"; };
		EE96707029A5365200312AB9 /* Task.swift */ = {isa = PBXFileReference; lastKnownFileType = sourcecode.swift; path = Task.swift; sourceTree = "<group>"; };
		EE9F6C1D29A51DF70013AEDC /* Simple To Do.app */ = {isa = PBXFileReference; explicitFileType = wrapper.application; includeInIndex = 0; path = "Simple To Do.app"; sourceTree = BUILT_PRODUCTS_DIR; };
		EE9F6C2029A51DF70013AEDC /* Simple_To_DoApp.swift */ = {isa = PBXFileReference; lastKnownFileType = sourcecode.swift; path = Simple_To_DoApp.swift; sourceTree = "<group>"; };
		EE9F6C2229A51DF70013AEDC /* ContentView.swift */ = {isa = PBXFileReference; lastKnownFileType = sourcecode.swift; path = ContentView.swift; sourceTree = "<group>"; };
		EE9F6C2429A51DF80013AEDC /* Assets.xcassets */ = {isa = PBXFileReference; lastKnownFileType = folder.assetcatalog; path = Assets.xcassets; sourceTree = "<group>"; };
		EE9F6C2729A51DF80013AEDC /* Preview Assets.xcassets */ = {isa = PBXFileReference; lastKnownFileType = folder.assetcatalog; path = "Preview Assets.xcassets"; sourceTree = "<group>"; };
		EE9F6C2E29A51E680013AEDC /* TaskView.swift */ = {isa = PBXFileReference; lastKnownFileType = sourcecode.swift; path = TaskView.swift; sourceTree = "<group>"; };
		EE9F6C3229A51F480013AEDC /* TaskRow.swift */ = {isa = PBXFileReference; lastKnownFileType = sourcecode.swift; path = TaskRow.swift; sourceTree = "<group>"; };
		EE9F6C3529A520220013AEDC /* AddTaskView.swift */ = {isa = PBXFileReference; lastKnownFileType = sourcecode.swift; path = AddTaskView.swift; sourceTree = "<group>"; };
		EE9F6C3729A529420013AEDC /* SmallAddButton.swift */ = {isa = PBXFileReference; lastKnownFileType = sourcecode.swift; path = SmallAddButton.swift; sourceTree = "<group>"; };
/* End PBXFileReference section */

/* Begin PBXFrameworksBuildPhase section */
		EE9F6C1A29A51DF70013AEDC /* Frameworks */ = {
			isa = PBXFrameworksBuildPhase;
			buildActionMask = 2147483647;
			files = (
				EE96706C29A533F900312AB9 /* RealmSwift in Frameworks */,
				EE96706A29A533F900312AB9 /* Realm in Frameworks */,
			);
			runOnlyForDeploymentPostprocessing = 0;
		};
/* End PBXFrameworksBuildPhase section */

/* Begin PBXGroup section */
		EE96706D29A5346E00312AB9 /* Realm */ = {
			isa = PBXGroup;
			children = (
				EE96706E29A5348700312AB9 /* RealmManager.swift */,
				EE96707029A5365200312AB9 /* Task.swift */,
			);
			path = Realm;
			sourceTree = "<group>";
		};
		EE9F6C1429A51DF70013AEDC = {
			isa = PBXGroup;
			children = (
				EE9F6C1F29A51DF70013AEDC /* Simple To Do */,
				EE9F6C1E29A51DF70013AEDC /* Products */,
			);
			sourceTree = "<group>";
		};
		EE9F6C1E29A51DF70013AEDC /* Products */ = {
			isa = PBXGroup;
			children = (
				EE9F6C1D29A51DF70013AEDC /* Simple To Do.app */,
			);
			name = Products;
			sourceTree = "<group>";
		};
		EE9F6C1F29A51DF70013AEDC /* Simple To Do */ = {
			isa = PBXGroup;
			children = (
				EE9F6C3429A51F4C0013AEDC /* App */,
				EE9F6C3029A51E720013AEDC /* Views */,
				EE9F6C3129A51F390013AEDC /* Components */,
				EE96706D29A5346E00312AB9 /* Realm */,
				EE9F6C2429A51DF80013AEDC /* Assets.xcassets */,
				EE9F6C2629A51DF80013AEDC /* Preview Content */,
			);
			path = "Simple To Do";
			sourceTree = "<group>";
		};
		EE9F6C2629A51DF80013AEDC /* Preview Content */ = {
			isa = PBXGroup;
			children = (
				EE9F6C2729A51DF80013AEDC /* Preview Assets.xcassets */,
			);
			path = "Preview Content";
			sourceTree = "<group>";
		};
		EE9F6C3029A51E720013AEDC /* Views */ = {
			isa = PBXGroup;
			children = (
				EE9F6C2229A51DF70013AEDC /* ContentView.swift */,
				EE9F6C2E29A51E680013AEDC /* TaskView.swift */,
				EE9F6C3529A520220013AEDC /* AddTaskView.swift */,
			);
			path = Views;
			sourceTree = "<group>";
		};
		EE9F6C3129A51F390013AEDC /* Components */ = {
			isa = PBXGroup;
			children = (
				EE9F6C3229A51F480013AEDC /* TaskRow.swift */,
				EE9F6C3729A529420013AEDC /* SmallAddButton.swift */,
			);
			path = Components;
			sourceTree = "<group>";
		};
		EE9F6C3429A51F4C0013AEDC /* App */ = {
			isa = PBXGroup;
			children = (
				EE9F6C2029A51DF70013AEDC /* Simple_To_DoApp.swift */,
			);
			path = App;
			sourceTree = "<group>";
		};
/* End PBXGroup section */

/* Begin PBXNativeTarget section */
		EE9F6C1C29A51DF70013AEDC /* Simple To Do */ = {
			isa = PBXNativeTarget;
			buildConfigurationList = EE9F6C2B29A51DF80013AEDC /* Build configuration list for PBXNativeTarget "Simple To Do" */;
			buildPhases = (
				EE9F6C1929A51DF70013AEDC /* Sources */,
				EE9F6C1A29A51DF70013AEDC /* Frameworks */,
				EE9F6C1B29A51DF70013AEDC /* Resources */,
			);
			buildRules = (
			);
			dependencies = (
			);
			name = "Simple To Do";
			packageProductDependencies = (
				EE96706929A533F900312AB9 /* Realm */,
				EE96706B29A533F900312AB9 /* RealmSwift */,
			);
			productName = "Simple To Do";
			productReference = EE9F6C1D29A51DF70013AEDC /* Simple To Do.app */;
			productType = "com.apple.product-type.application";
		};
/* End PBXNativeTarget section */

/* Begin PBXProject section */
		EE9F6C1529A51DF70013AEDC /* Project object */ = {
			isa = PBXProject;
			attributes = {
				BuildIndependentTargetsInParallel = 1;
				LastSwiftUpdateCheck = 1420;
				LastUpgradeCheck = 1420;
				TargetAttributes = {
					EE9F6C1C29A51DF70013AEDC = {
						CreatedOnToolsVersion = 14.2;
					};
				};
			};
			buildConfigurationList = EE9F6C1829A51DF70013AEDC /* Build configuration list for PBXProject "Simple To Do" */;
			compatibilityVersion = "Xcode 14.0";
			developmentRegion = en;
			hasScannedForEncodings = 0;
			knownRegions = (
				en,
				Base,
			);
			mainGroup = EE9F6C1429A51DF70013AEDC;
			packageReferences = (
				EE96706829A533F800312AB9 /* XCRemoteSwiftPackageReference "realm-swift" */,
			);
			productRefGroup = EE9F6C1E29A51DF70013AEDC /* Products */;
			projectDirPath = "";
			projectRoot = "";
			targets = (
				EE9F6C1C29A51DF70013AEDC /* Simple To Do */,
			);
		};
/* End PBXProject section */

/* Begin PBXResourcesBuildPhase section */
		EE9F6C1B29A51DF70013AEDC /* Resources */ = {
			isa = PBXResourcesBuildPhase;
			buildActionMask = 2147483647;
			files = (
				EE9F6C2829A51DF80013AEDC /* Preview Assets.xcassets in Resources */,
				EE9F6C2529A51DF80013AEDC /* Assets.xcassets in Resources */,
			);
			runOnlyForDeploymentPostprocessing = 0;
		};
/* End PBXResourcesBuildPhase section */

/* Begin PBXSourcesBuildPhase section */
		EE9F6C1929A51DF70013AEDC /* Sources */ = {
			isa = PBXSourcesBuildPhase;
			buildActionMask = 2147483647;
			files = (
				EE96707129A5365200312AB9 /* Task.swift in Sources */,
				EE9F6C2F29A51E690013AEDC /* TaskView.swift in Sources */,
				EE9F6C3629A520220013AEDC /* AddTaskView.swift in Sources */,
				EE9F6C2329A51DF70013AEDC /* ContentView.swift in Sources */,
				EE9F6C3829A529420013AEDC /* SmallAddButton.swift in Sources */,
				EE9F6C2129A51DF70013AEDC /* Simple_To_DoApp.swift in Sources */,
				EE96706F29A5348700312AB9 /* RealmManager.swift in Sources */,
				EE9F6C3329A51F480013AEDC /* TaskRow.swift in Sources */,
			);
			runOnlyForDeploymentPostprocessing = 0;
		};
/* End PBXSourcesBuildPhase section */

/* Begin XCBuildConfiguration section */
		EE9F6C2929A51DF80013AEDC /* Debug */ = {
			isa = XCBuildConfiguration;
			buildSettings = {
				ALWAYS_SEARCH_USER_PATHS = NO;
				CLANG_ANALYZER_NONNULL = YES;
				CLANG_ANALYZER_NUMBER_OBJECT_CONVERSION = YES_AGGRESSIVE;
				CLANG_CXX_LANGUAGE_STANDARD = "gnu++20";
				CLANG_ENABLE_MODULES = YES;
				CLANG_ENABLE_OBJC_ARC = YES;
				CLANG_ENABLE_OBJC_WEAK = YES;
				CLANG_WARN_BLOCK_CAPTURE_AUTORELEASING = YES;
				CLANG_WARN_BOOL_CONVERSION = YES;
				CLANG_WARN_COMMA = YES;
				CLANG_WARN_CONSTANT_CONVERSION = YES;
				CLANG_WARN_DEPRECATED_OBJC_IMPLEMENTATIONS = YES;
				CLANG_WARN_DIRECT_OBJC_ISA_USAGE = YES_ERROR;
				CLANG_WARN_DOCUMENTATION_COMMENTS = YES;
				CLANG_WARN_EMPTY_BODY = YES;
				CLANG_WARN_ENUM_CONVERSION = YES;
				CLANG_WARN_INFINITE_RECURSION = YES;
				CLANG_WARN_INT_CONVERSION = YES;
				CLANG_WARN_NON_LITERAL_NULL_CONVERSION = YES;
				CLANG_WARN_OBJC_IMPLICIT_RETAIN_SELF = YES;
				CLANG_WARN_OBJC_LITERAL_CONVERSION = YES;
				CLANG_WARN_OBJC_ROOT_CLASS = YES_ERROR;
				CLANG_WARN_QUOTED_INCLUDE_IN_FRAMEWORK_HEADER = YES;
				CLANG_WARN_RANGE_LOOP_ANALYSIS = YES;
				CLANG_WARN_STRICT_PROTOTYPES = YES;
				CLANG_WARN_SUSPICIOUS_MOVE = YES;
				CLANG_WARN_UNGUARDED_AVAILABILITY = YES_AGGRESSIVE;
				CLANG_WARN_UNREACHABLE_CODE = YES;
				CLANG_WARN__DUPLICATE_METHOD_MATCH = YES;
				COPY_PHASE_STRIP = NO;
				DEBUG_INFORMATION_FORMAT = dwarf;
				ENABLE_STRICT_OBJC_MSGSEND = YES;
				ENABLE_TESTABILITY = YES;
				GCC_C_LANGUAGE_STANDARD = gnu11;
				GCC_DYNAMIC_NO_PIC = NO;
				GCC_NO_COMMON_BLOCKS = YES;
				GCC_OPTIMIZATION_LEVEL = 0;
				GCC_PREPROCESSOR_DEFINITIONS = (
					"DEBUG=1",
					"$(inherited)",
				);
				GCC_WARN_64_TO_32_BIT_CONVERSION = YES;
				GCC_WARN_ABOUT_RETURN_TYPE = YES_ERROR;
				GCC_WARN_UNDECLARED_SELECTOR = YES;
				GCC_WARN_UNINITIALIZED_AUTOS = YES_AGGRESSIVE;
				GCC_WARN_UNUSED_FUNCTION = YES;
				GCC_WARN_UNUSED_VARIABLE = YES;
				IPHONEOS_DEPLOYMENT_TARGET = 16.2;
				MTL_ENABLE_DEBUG_INFO = INCLUDE_SOURCE;
				MTL_FAST_MATH = YES;
				ONLY_ACTIVE_ARCH = YES;
				SDKROOT = iphoneos;
				SWIFT_ACTIVE_COMPILATION_CONDITIONS = DEBUG;
				SWIFT_OPTIMIZATION_LEVEL = "-Onone";
			};
			name = Debug;
		};
		EE9F6C2A29A51DF80013AEDC /* Release */ = {
			isa = XCBuildConfiguration;
			buildSettings = {
				ALWAYS_SEARCH_USER_PATHS = NO;
				CLANG_ANALYZER_NONNULL = YES;
				CLANG_ANALYZER_NUMBER_OBJECT_CONVERSION = YES_AGGRESSIVE;
				CLANG_CXX_LANGUAGE_STANDARD = "gnu++20";
				CLANG_ENABLE_MODULES = YES;
				CLANG_ENABLE_OBJC_ARC = YES;
				CLANG_ENABLE_OBJC_WEAK = YES;
				CLANG_WARN_BLOCK_CAPTURE_AUTORELEASING = YES;
				CLANG_WARN_BOOL_CONVERSION = YES;
				CLANG_WARN_COMMA = YES;
				CLANG_WARN_CONSTANT_CONVERSION = YES;
				CLANG_WARN_DEPRECATED_OBJC_IMPLEMENTATIONS = YES;
				CLANG_WARN_DIRECT_OBJC_ISA_USAGE = YES_ERROR;
				CLANG_WARN_DOCUMENTATION_COMMENTS = YES;
				CLANG_WARN_EMPTY_BODY = YES;
				CLANG_WARN_ENUM_CONVERSION = YES;
				CLANG_WARN_INFINITE_RECURSION = YES;
				CLANG_WARN_INT_CONVERSION = YES;
				CLANG_WARN_NON_LITERAL_NULL_CONVERSION = YES;
				CLANG_WARN_OBJC_IMPLICIT_RETAIN_SELF = YES;
				CLANG_WARN_OBJC_LITERAL_CONVERSION = YES;
				CLANG_WARN_OBJC_ROOT_CLASS = YES_ERROR;
				CLANG_WARN_QUOTED_INCLUDE_IN_FRAMEWORK_HEADER = YES;
				CLANG_WARN_RANGE_LOOP_ANALYSIS = YES;
				CLANG_WARN_STRICT_PROTOTYPES = YES;
				CLANG_WARN_SUSPICIOUS_MOVE = YES;
				CLANG_WARN_UNGUARDED_AVAILABILITY = YES_AGGRESSIVE;
				CLANG_WARN_UNREACHABLE_CODE = YES;
				CLANG_WARN__DUPLICATE_METHOD_MATCH = YES;
				COPY_PHASE_STRIP = NO;
				DEBUG_INFORMATION_FORMAT = "dwarf-with-dsym";
				ENABLE_NS_ASSERTIONS = NO;
				ENABLE_STRICT_OBJC_MSGSEND = YES;
				GCC_C_LANGUAGE_STANDARD = gnu11;
				GCC_NO_COMMON_BLOCKS = YES;
				GCC_WARN_64_TO_32_BIT_CONVERSION = YES;
				GCC_WARN_ABOUT_RETURN_TYPE = YES_ERROR;
				GCC_WARN_UNDECLARED_SELECTOR = YES;
				GCC_WARN_UNINITIALIZED_AUTOS = YES_AGGRESSIVE;
				GCC_WARN_UNUSED_FUNCTION = YES;
				GCC_WARN_UNUSED_VARIABLE = YES;
				IPHONEOS_DEPLOYMENT_TARGET = 16.2;
				MTL_ENABLE_DEBUG_INFO = NO;
				MTL_FAST_MATH = YES;
				SDKROOT = iphoneos;
				SWIFT_COMPILATION_MODE = wholemodule;
				SWIFT_OPTIMIZATION_LEVEL = "-O";
				VALIDATE_PRODUCT = YES;
			};
			name = Release;
		};
		EE9F6C2C29A51DF80013AEDC /* Debug */ = {
			isa = XCBuildConfiguration;
			buildSettings = {
				ASSETCATALOG_COMPILER_APPICON_NAME = AppIcon;
				ASSETCATALOG_COMPILER_GLOBAL_ACCENT_COLOR_NAME = AccentColor;
				CODE_SIGN_STYLE = Automatic;
				CURRENT_PROJECT_VERSION = 1;
				DEVELOPMENT_ASSET_PATHS = "\"Simple To Do/Preview Content\"";
				ENABLE_PREVIEWS = YES;
				GENERATE_INFOPLIST_FILE = YES;
				INFOPLIST_KEY_UIApplicationSceneManifest_Generation = YES;
				INFOPLIST_KEY_UIApplicationSupportsIndirectInputEvents = YES;
				INFOPLIST_KEY_UILaunchScreen_Generation = YES;
				INFOPLIST_KEY_UISupportedInterfaceOrientations_iPad = "UIInterfaceOrientationPortrait UIInterfaceOrientationPortraitUpsideDown UIInterfaceOrientationLandscapeLeft UIInterfaceOrientationLandscapeRight";
				INFOPLIST_KEY_UISupportedInterfaceOrientations_iPhone = "UIInterfaceOrientationPortrait UIInterfaceOrientationLandscapeLeft UIInterfaceOrientationLandscapeRight";
				LD_RUNPATH_SEARCH_PATHS = (
					"$(inherited)",
					"@executable_path/Frameworks",
				);
				MARKETING_VERSION = 1.0;
				PRODUCT_BUNDLE_IDENTIFIER = "com.amish.Simple-To-Do";
				PRODUCT_NAME = "$(TARGET_NAME)";
				SWIFT_EMIT_LOC_STRINGS = YES;
				SWIFT_VERSION = 5.0;
				TARGETED_DEVICE_FAMILY = "1,2";
			};
			name = Debug;
		};
		EE9F6C2D29A51DF80013AEDC /* Release */ = {
			isa = XCBuildConfiguration;
			buildSettings = {
				ASSETCATALOG_COMPILER_APPICON_NAME = AppIcon;
				ASSETCATALOG_COMPILER_GLOBAL_ACCENT_COLOR_NAME = AccentColor;
				CODE_SIGN_STYLE = Automatic;
				CURRENT_PROJECT_VERSION = 1;
				DEVELOPMENT_ASSET_PATHS = "\"Simple To Do/Preview Content\"";
				ENABLE_PREVIEWS = YES;
				GENERATE_INFOPLIST_FILE = YES;
				INFOPLIST_KEY_UIApplicationSceneManifest_Generation = YES;
				INFOPLIST_KEY_UIApplicationSupportsIndirectInputEvents = YES;
				INFOPLIST_KEY_UILaunchScreen_Generation = YES;
				INFOPLIST_KEY_UISupportedInterfaceOrientations_iPad = "UIInterfaceOrientationPortrait UIInterfaceOrientationPortraitUpsideDown UIInterfaceOrientationLandscapeLeft UIInterfaceOrientationLandscapeRight";
				INFOPLIST_KEY_UISupportedInterfaceOrientations_iPhone = "UIInterfaceOrientationPortrait UIInterfaceOrientationLandscapeLeft UIInterfaceOrientationLandscapeRight";
				LD_RUNPATH_SEARCH_PATHS = (
					"$(inherited)",
					"@executable_path/Frameworks",
				);
				MARKETING_VERSION = 1.0;
				PRODUCT_BUNDLE_IDENTIFIER = "com.amish.Simple-To-Do";
				PRODUCT_NAME = "$(TARGET_NAME)";
				SWIFT_EMIT_LOC_STRINGS = YES;
				SWIFT_VERSION = 5.0;
				TARGETED_DEVICE_FAMILY = "1,2";
			};
			name = Release;
		};
/* End XCBuildConfiguration section */

/* Begin XCConfigurationList section */
		EE9F6C1829A51DF70013AEDC /* Build configuration list for PBXProject "Simple To Do" */ = {
			isa = XCConfigurationList;
			buildConfigurations = (
				EE9F6C2929A51DF80013AEDC /* Debug */,
				EE9F6C2A29A51DF80013AEDC /* Release */,
			);
			defaultConfigurationIsVisible = 0;
			defaultConfigurationName = Release;
		};
		EE9F6C2B29A51DF80013AEDC /* Build configuration list for PBXNativeTarget "Simple To Do" */ = {
			isa = XCConfigurationList;
			buildConfigurations = (
				EE9F6C2C29A51DF80013AEDC /* Debug */,
				EE9F6C2D29A51DF80013AEDC /* Release */,
			);
			defaultConfigurationIsVisible = 0;
			defaultConfigurationName = Release;
		};
/* End XCConfigurationList section */

/* Begin XCRemoteSwiftPackageReference section */
		EE96706829A533F800312AB9 /* XCRemoteSwiftPackageReference "realm-swift" */ = {
			isa = XCRemoteSwiftPackageReference;
			repositoryURL = "https://github.com/realm/realm-swift.git";
			requirement = {
				kind = upToNextMajorVersion;
				minimumVersion = 10.10.0;
			};
		};
/* End XCRemoteSwiftPackageReference section */

/* Begin XCSwiftPackageProductDependency section */
		EE96706929A533F900312AB9 /* Realm */ = {
			isa = XCSwiftPackageProductDependency;
			package = EE96706829A533F800312AB9 /* XCRemoteSwiftPackageReference "realm-swift" */;
			productName = Realm;
		};
		EE96706B29A533F900312AB9 /* RealmSwift */ = {
			isa = XCSwiftPackageProductDependency;
			package = EE96706829A533F800312AB9 /* XCRemoteSwiftPackageReference "realm-swift" */;
			productName = RealmSwift;
		};
/* End XCSwiftPackageProductDependency section */
	};
	rootObject = EE9F6C1529A51DF70013AEDC /* Project object */;
}
